
Microsoft Visual Studio Solution File, Format Version 12.00
# Visual Studio Version 17
VisualStudioVersion = 17.9.34728.123
MinimumVisualStudioVersion = 10.0.40219.1
Project("{9A19103F-16F7-4668-BE54-9A1E7A4F7556}") = "EADotnetWebapiCli", "EADotnetWebapiCli\EADotnetWebapiCli.csproj", "{8B7F7313-FB9C-4351-99C8-762C940BAFF3}"
EndProject
Project("{FAE04EC0-301F-11D3-BF4B-00C04F79EFBC}") = "EADotnetWebapiAddIn", "EADotnetWebapiAddIn\EADotnetWebapiAddIn.csproj", "{A9BC5DF8-C40E-47D2-B14F-3A5BD9CE2DAB}"
EndProject
Project("{9A19103F-16F7-4668-BE54-9A1E7A4F7556}") = "EADotnetWebapiCliTest", "EADotnetWebapiCliTest\EADotnetWebapiCliTest.csproj", "{ED3F401E-16A5-4F82-AD2A-76F875A0008D}"
EndProject
Project("{930C7802-8A8C-48F9-8165-68863BCCD9DD}") = "EADotnetWebapiInstaller", "EADotnetWebapiInstaller\EADotnetWebapiInstaller.wixproj", "{3B2198C7-ACA7-41A0-A77F-0764070D7D38}"
EndProject
Global
	GlobalSection(SolutionConfigurationPlatforms) = preSolution
		Debug|Any CPU = Debug|Any CPU
		Debug|x86 = Debug|x86
		Release|Any CPU = Release|Any CPU
		Release|x86 = Release|x86
	EndGlobalSection
	GlobalSection(ProjectConfigurationPlatforms) = postSolution
		{8B7F7313-FB9C-4351-99C8-762C940BAFF3}.Debug|Any CPU.ActiveCfg = Debug|Any CPU
		{8B7F7313-FB9C-4351-99C8-762C940BAFF3}.Debug|Any CPU.Build.0 = Debug|Any CPU
		{8B7F7313-FB9C-4351-99C8-762C940BAFF3}.Debug|x86.ActiveCfg = Debug|Any CPU
		{8B7F7313-FB9C-4351-99C8-762C940BAFF3}.Debug|x86.Build.0 = Debug|Any CPU
		{8B7F7313-FB9C-4351-99C8-762C940BAFF3}.Release|Any CPU.ActiveCfg = Release|Any CPU
		{8B7F7313-FB9C-4351-99C8-762C940BAFF3}.Release|Any CPU.Build.0 = Release|Any CPU
		{8B7F7313-FB9C-4351-99C8-762C940BAFF3}.Release|x86.ActiveCfg = Release|Any CPU
		{8B7F7313-FB9C-4351-99C8-762C940BAFF3}.Release|x86.Build.0 = Release|Any CPU
		{A9BC5DF8-C40E-47D2-B14F-3A5BD9CE2DAB}.Debug|Any CPU.ActiveCfg = Debug|Any CPU
		{A9BC5DF8-C40E-47D2-B14F-3A5BD9CE2DAB}.Debug|Any CPU.Build.0 = Debug|Any CPU
		{A9BC5DF8-C40E-47D2-B14F-3A5BD9CE2DAB}.Debug|x86.ActiveCfg = Debug|Any CPU
		{A9BC5DF8-C40E-47D2-B14F-3A5BD9CE2DAB}.Debug|x86.Build.0 = Debug|Any CPU
		{A9BC5DF8-C40E-47D2-B14F-3A5BD9CE2DAB}.Release|Any CPU.ActiveCfg = Release|Any CPU
		{A9BC5DF8-C40E-47D2-B14F-3A5BD9CE2DAB}.Release|Any CPU.Build.0 = Release|Any CPU
		{A9BC5DF8-C40E-47D2-B14F-3A5BD9CE2DAB}.Release|x86.ActiveCfg = Release|Any CPU
		{A9BC5DF8-C40E-47D2-B14F-3A5BD9CE2DAB}.Release|x86.Build.0 = Release|Any CPU
		{ED3F401E-16A5-4F82-AD2A-76F875A0008D}.Debug|Any CPU.ActiveCfg = Debug|Any CPU
		{ED3F401E-16A5-4F82-AD2A-76F875A0008D}.Debug|Any CPU.Build.0 = Debug|Any CPU
		{ED3F401E-16A5-4F82-AD2A-76F875A0008D}.Debug|x86.ActiveCfg = Debug|Any CPU
		{ED3F401E-16A5-4F82-AD2A-76F875A0008D}.Debug|x86.Build.0 = Debug|Any CPU
		{ED3F401E-16A5-4F82-AD2A-76F875A0008D}.Release|Any CPU.ActiveCfg = Release|Any CPU
		{ED3F401E-16A5-4F82-AD2A-76F875A0008D}.Release|Any CPU.Build.0 = Release|Any CPU
		{ED3F401E-16A5-4F82-AD2A-76F875A0008D}.Release|x86.ActiveCfg = Release|Any CPU
		{ED3F401E-16A5-4F82-AD2A-76F875A0008D}.Release|x86.Build.0 = Release|Any CPU
		{3B2198C7-ACA7-41A0-A77F-0764070D7D38}.Debug|Any CPU.ActiveCfg = Debug|x86
		{3B2198C7-ACA7-41A0-A77F-0764070D7D38}.Debug|Any CPU.Build.0 = Debug|x86
		{3B2198C7-ACA7-41A0-A77F-0764070D7D38}.Debug|x86.ActiveCfg = Debug|x86
		{3B2198C7-ACA7-41A0-A77F-0764070D7D38}.Debug|x86.Build.0 = Debug|x86
		{3B2198C7-ACA7-41A0-A77F-0764070D7D38}.Release|Any CPU.ActiveCfg = Release|x86
		{3B2198C7-ACA7-41A0-A77F-0764070D7D38}.Release|Any CPU.Build.0 = Release|x86
		{3B2198C7-ACA7-41A0-A77F-0764070D7D38}.Release|x86.ActiveCfg = Release|x86
		{3B2198C7-ACA7-41A0-A77F-0764070D7D38}.Release|x86.Build.0 = Release|x86
	EndGlobalSection
	GlobalSection(SolutionProperties) = preSolution
		HideSolutionNode = FALSE
	EndGlobalSection
	GlobalSection(ExtensibilityGlobals) = postSolution
		SolutionGuid = {324EF966-CCD8-42FA-A3F7-E67711274C06}
	EndGlobalSection
EndGlobal
