
Microsoft Visual Studio Solution File, Format Version 12.00
# Visual Studio Version 17
VisualStudioVersion = 17.9.34728.123
MinimumVisualStudioVersion = 10.0.40219.1
Project("{FAE04EC0-301F-11D3-BF4B-00C04F79EFBC}") = "EADotnetAngularAddIn", "EADotnetAngularAddIn\EADotnetAngularAddIn.csproj", "{A9BC5DF8-C40E-47D2-B14F-3A5BD9CE2DAB}"
EndProject
Project("{FAE04EC0-301F-11D3-BF4B-00C04F79EFBC}") = "EADotnetAngularCli", "EADotnetAngularCli\EADotnetAngularCli.csproj", "{48C00258-21B6-4B41-AE9A-EF6C8EC0CB61}"
EndProject
Project("{FAE04EC0-301F-11D3-BF4B-00C04F79EFBC}") = "EADotnetAngularCliTest", "EADotnetAngularCliTest\EADotnetAngularCliTest.csproj", "{95EF28EC-A5EF-4C1A-B381-79EE21B809E1}"
EndProject
Global
	GlobalSection(SolutionConfigurationPlatforms) = preSolution
		Debug|Any CPU = Debug|Any CPU
		Debug|x86 = Debug|x86
		Release|Any CPU = Release|Any CPU
		Release|x86 = Release|x86
	EndGlobalSection
	GlobalSection(ProjectConfigurationPlatforms) = postSolution
		{A9BC5DF8-C40E-47D2-B14F-3A5BD9CE2DAB}.Debug|Any CPU.ActiveCfg = Debug|Any CPU
		{A9BC5DF8-C40E-47D2-B14F-3A5BD9CE2DAB}.Debug|Any CPU.Build.0 = Debug|Any CPU
		{A9BC5DF8-C40E-47D2-B14F-3A5BD9CE2DAB}.Debug|x86.ActiveCfg = Debug|Any CPU
		{A9BC5DF8-C40E-47D2-B14F-3A5BD9CE2DAB}.Debug|x86.Build.0 = Debug|Any CPU
		{A9BC5DF8-C40E-47D2-B14F-3A5BD9CE2DAB}.Release|Any CPU.ActiveCfg = Release|Any CPU
		{A9BC5DF8-C40E-47D2-B14F-3A5BD9CE2DAB}.Release|Any CPU.Build.0 = Release|Any CPU
		{A9BC5DF8-C40E-47D2-B14F-3A5BD9CE2DAB}.Release|x86.ActiveCfg = Release|Any CPU
		{A9BC5DF8-C40E-47D2-B14F-3A5BD9CE2DAB}.Release|x86.Build.0 = Release|Any CPU
		{48C00258-21B6-4B41-AE9A-EF6C8EC0CB61}.Debug|Any CPU.ActiveCfg = Debug|Any CPU
		{48C00258-21B6-4B41-AE9A-EF6C8EC0CB61}.Debug|Any CPU.Build.0 = Debug|Any CPU
		{48C00258-21B6-4B41-AE9A-EF6C8EC0CB61}.Debug|x86.ActiveCfg = Debug|Any CPU
		{48C00258-21B6-4B41-AE9A-EF6C8EC0CB61}.Debug|x86.Build.0 = Debug|Any CPU
		{48C00258-21B6-4B41-AE9A-EF6C8EC0CB61}.Release|Any CPU.ActiveCfg = Release|Any CPU
		{48C00258-21B6-4B41-AE9A-EF6C8EC0CB61}.Release|Any CPU.Build.0 = Release|Any CPU
		{48C00258-21B6-4B41-AE9A-EF6C8EC0CB61}.Release|x86.ActiveCfg = Release|Any CPU
		{48C00258-21B6-4B41-AE9A-EF6C8EC0CB61}.Release|x86.Build.0 = Release|Any CPU
		{95EF28EC-A5EF-4C1A-B381-79EE21B809E1}.Debug|Any CPU.ActiveCfg = Debug|Any CPU
		{95EF28EC-A5EF-4C1A-B381-79EE21B809E1}.Debug|Any CPU.Build.0 = Debug|Any CPU
		{95EF28EC-A5EF-4C1A-B381-79EE21B809E1}.Debug|x86.ActiveCfg = Debug|Any CPU
		{95EF28EC-A5EF-4C1A-B381-79EE21B809E1}.Debug|x86.Build.0 = Debug|Any CPU
		{95EF28EC-A5EF-4C1A-B381-79EE21B809E1}.Release|Any CPU.ActiveCfg = Release|Any CPU
		{95EF28EC-A5EF-4C1A-B381-79EE21B809E1}.Release|Any CPU.Build.0 = Release|Any CPU
		{95EF28EC-A5EF-4C1A-B381-79EE21B809E1}.Release|x86.ActiveCfg = Release|Any CPU
		{95EF28EC-A5EF-4C1A-B381-79EE21B809E1}.Release|x86.Build.0 = Release|Any CPU
	EndGlobalSection
	GlobalSection(SolutionProperties) = preSolution
		HideSolutionNode = FALSE
	EndGlobalSection
	GlobalSection(ExtensibilityGlobals) = postSolution
		SolutionGuid = {324EF966-CCD8-42FA-A3F7-E67711274C06}
	EndGlobalSection
EndGlobal
